
Microsoft Visual Studio Solution File, Format Version 12.00
Project("{FAE04EC0-301F-11D3-BF4B-00C04F79EFBC}") = "ProGCoder_MomoAPI", "ProGCoder_MomoAPI.csproj", "{CF4D7705-CDCB-41AA-B130-A12D49E474AC}"
EndProject
Global
	GlobalSection(SolutionConfigurationPlatforms) = preSolution
		Debug|Any CPU = Debug|Any CPU
		Release|Any CPU = Release|Any CPU
	EndGlobalSection
	GlobalSection(ProjectConfigurationPlatforms) = postSolution
		{CF4D7705-CDCB-41AA-B130-A12D49E474AC}.Debug|Any CPU.ActiveCfg = Debug|Any CPU
		{CF4D7705-CDCB-41AA-B130-A12D49E474AC}.Debug|Any CPU.Build.0 = Debug|Any CPU
		{CF4D7705-CDCB-41AA-B130-A12D49E474AC}.Release|Any CPU.ActiveCfg = Release|Any CPU
		{CF4D7705-CDCB-41AA-B130-A12D49E474AC}.Release|Any CPU.Build.0 = Release|Any CPU
	EndGlobalSection
EndGlobal
